# This file is automatically @generated by Cargo.
# It is not intended for manual editing.
version = 4

[[package]]
name = "use-cookie"
version = "0.0.1"

[[package]]
name = "use-css"
version = "0.0.1"

[[package]]
name = "use-header"
version = "0.0.1"

[[package]]
name = "use-html"
version = "0.0.1"

[[package]]
name = "use-http"
version = "0.0.1"

[[package]]
name = "use-method"
version = "0.0.1"

[[package]]
name = "use-mime"
version = "0.0.1"

[[package]]
name = "use-origin"
version = "0.0.1"

[[package]]
name = "use-query"
version = "0.0.1"

[[package]]
name = "use-route"
version = "0.0.1"

[[package]]
name = "use-status"
version = "0.0.1"

[[package]]
name = "use-uri"
version = "0.0.1"

[[package]]
name = "use-url"
version = "0.0.1"

[[package]]
name = "use-web"
version = "0.0.1"
dependencies = [
 "use-cookie",
 "use-css",
 "use-header",
 "use-html",
 "use-http",
 "use-method",
 "use-mime",
 "use-origin",
 "use-query",
 "use-route",
 "use-status",
 "use-uri",
 "use-url",
]
